// !$*UTF8*$!
{
	archiveVersion = 1;
	classes = {
	};
	objectVersion = 50;
	objects = {

/* Begin PBXBuildFile section */
		950D943724F2BB0D00465AC9 /* CustomRangedValue.swift in Sources */ = {isa = PBXBuildFile; fileRef = 950D943624F2BB0D00465AC9 /* CustomRangedValue.swift */; };
		950D943924F2BC8A00465AC9 /* CustomRangedValueTests.swift in Sources */ = {isa = PBXBuildFile; fileRef = 950D943824F2BC8A00465AC9 /* CustomRangedValueTests.swift */; };
		9523DC5224F0F13E009FFBE8 /* WrapThatProperty.framework in Frameworks */ = {isa = PBXBuildFile; fileRef = 9523DC4824F0F13D009FFBE8 /* WrapThatProperty.framework */; };
		9523DC5924F0F13E009FFBE8 /* WrapThatProperty.h in Headers */ = {isa = PBXBuildFile; fileRef = 9523DC4B24F0F13D009FFBE8 /* WrapThatProperty.h */; settings = {ATTRIBUTES = (Public, ); }; };
		9578C8A224F0F42300DF9FF6 /* MonitoredValue.swift in Sources */ = {isa = PBXBuildFile; fileRef = 9578C8A124F0F42300DF9FF6 /* MonitoredValue.swift */; };
		9578C8A724F0F63F00DF9FF6 /* MonitoredValueTests.swift in Sources */ = {isa = PBXBuildFile; fileRef = 9578C8A624F0F63F00DF9FF6 /* MonitoredValueTests.swift */; };
		9578C8AB24F0FB1E00DF9FF6 /* InRangeValue.swift in Sources */ = {isa = PBXBuildFile; fileRef = 9578C8AA24F0FB1E00DF9FF6 /* InRangeValue.swift */; };
		9578C8AE24F0FB3A00DF9FF6 /* InRangeValueTests.swift in Sources */ = {isa = PBXBuildFile; fileRef = 9578C8AD24F0FB3A00DF9FF6 /* InRangeValueTests.swift */; };
		957962B624FE48EC006040CD /* NoWhitespaces.swift in Sources */ = {isa = PBXBuildFile; fileRef = 957962B524FE48EC006040CD /* NoWhitespaces.swift */; };
		957962B924FE4904006040CD /* NoWhitespacesTests.swift in Sources */ = {isa = PBXBuildFile; fileRef = 957962B824FE4904006040CD /* NoWhitespacesTests.swift */; };
/* End PBXBuildFile section */

/* Begin PBXContainerItemProxy section */
		9523DC5324F0F13E009FFBE8 /* PBXContainerItemProxy */ = {
			isa = PBXContainerItemProxy;
			containerPortal = 9523DC3F24F0F13D009FFBE8 /* Project object */;
			proxyType = 1;
			remoteGlobalIDString = 9523DC4724F0F13D009FFBE8;
			remoteInfo = WrapThatProperty;
		};
/* End PBXContainerItemProxy section */

/* Begin PBXFileReference section */
		950D943624F2BB0D00465AC9 /* CustomRangedValue.swift */ = {isa = PBXFileReference; lastKnownFileType = sourcecode.swift; path = CustomRangedValue.swift; sourceTree = "<group>"; };
		950D943824F2BC8A00465AC9 /* CustomRangedValueTests.swift */ = {isa = PBXFileReference; lastKnownFileType = sourcecode.swift; path = CustomRangedValueTests.swift; sourceTree = "<group>"; };
		9523DC4824F0F13D009FFBE8 /* WrapThatProperty.framework */ = {isa = PBXFileReference; explicitFileType = wrapper.framework; includeInIndex = 0; path = WrapThatProperty.framework; sourceTree = BUILT_PRODUCTS_DIR; };
		9523DC4B24F0F13D009FFBE8 /* WrapThatProperty.h */ = {isa = PBXFileReference; lastKnownFileType = sourcecode.c.h; path = WrapThatProperty.h; sourceTree = "<group>"; };
		9523DC4C24F0F13D009FFBE8 /* Info.plist */ = {isa = PBXFileReference; lastKnownFileType = text.plist.xml; path = Info.plist; sourceTree = "<group>"; };
		9523DC5124F0F13E009FFBE8 /* WrapThatPropertyTests.xctest */ = {isa = PBXFileReference; explicitFileType = wrapper.cfbundle; includeInIndex = 0; path = WrapThatPropertyTests.xctest; sourceTree = BUILT_PRODUCTS_DIR; };
		9523DC5824F0F13E009FFBE8 /* Info.plist */ = {isa = PBXFileReference; lastKnownFileType = text.plist.xml; path = Info.plist; sourceTree = "<group>"; };
		9578C8A124F0F42300DF9FF6 /* MonitoredValue.swift */ = {isa = PBXFileReference; lastKnownFileType = sourcecode.swift; path = MonitoredValue.swift; sourceTree = "<group>"; };
		9578C8A624F0F63F00DF9FF6 /* MonitoredValueTests.swift */ = {isa = PBXFileReference; lastKnownFileType = sourcecode.swift; path = MonitoredValueTests.swift; sourceTree = "<group>"; };
		9578C8A824F0F6C800DF9FF6 /* WrapThatPropertyTests-Bridging-Header.h */ = {isa = PBXFileReference; lastKnownFileType = sourcecode.c.h; path = "WrapThatPropertyTests-Bridging-Header.h"; sourceTree = "<group>"; };
		9578C8AA24F0FB1E00DF9FF6 /* InRangeValue.swift */ = {isa = PBXFileReference; lastKnownFileType = sourcecode.swift; path = InRangeValue.swift; sourceTree = "<group>"; };
		9578C8AD24F0FB3A00DF9FF6 /* InRangeValueTests.swift */ = {isa = PBXFileReference; lastKnownFileType = sourcecode.swift; path = InRangeValueTests.swift; sourceTree = "<group>"; };
		957962B524FE48EC006040CD /* NoWhitespaces.swift */ = {isa = PBXFileReference; lastKnownFileType = sourcecode.swift; path = NoWhitespaces.swift; sourceTree = "<group>"; };
		957962B824FE4904006040CD /* NoWhitespacesTests.swift */ = {isa = PBXFileReference; lastKnownFileType = sourcecode.swift; path = NoWhitespacesTests.swift; sourceTree = "<group>"; };
/* End PBXFileReference section */

/* Begin PBXFrameworksBuildPhase section */
		9523DC4524F0F13D009FFBE8 /* Frameworks */ = {
			isa = PBXFrameworksBuildPhase;
			buildActionMask = 2147483647;
			files = (
			);
			runOnlyForDeploymentPostprocessing = 0;
		};
		9523DC4E24F0F13E009FFBE8 /* Frameworks */ = {
			isa = PBXFrameworksBuildPhase;
			buildActionMask = 2147483647;
			files = (
				9523DC5224F0F13E009FFBE8 /* WrapThatProperty.framework in Frameworks */,
			);
			runOnlyForDeploymentPostprocessing = 0;
		};
/* End PBXFrameworksBuildPhase section */

/* Begin PBXGroup section */
		9523DC3E24F0F13D009FFBE8 = {
			isa = PBXGroup;
			children = (
				9523DC4A24F0F13D009FFBE8 /* WrapThatProperty */,
				9523DC5524F0F13E009FFBE8 /* WrapThatPropertyTests */,
				9523DC4924F0F13D009FFBE8 /* Products */,
			);
			sourceTree = "<group>";
		};
		9523DC4924F0F13D009FFBE8 /* Products */ = {
			isa = PBXGroup;
			children = (
				9523DC4824F0F13D009FFBE8 /* WrapThatProperty.framework */,
				9523DC5124F0F13E009FFBE8 /* WrapThatPropertyTests.xctest */,
			);
			name = Products;
			sourceTree = "<group>";
		};
		9523DC4A24F0F13D009FFBE8 /* WrapThatProperty */ = {
			isa = PBXGroup;
			children = (
				9578C89D24F0F2BF00DF9FF6 /* BasicWrappers */,
				9523DC4B24F0F13D009FFBE8 /* WrapThatProperty.h */,
				9523DC4C24F0F13D009FFBE8 /* Info.plist */,
			);
			path = WrapThatProperty;
			sourceTree = "<group>";
		};
		9523DC5524F0F13E009FFBE8 /* WrapThatPropertyTests */ = {
			isa = PBXGroup;
			children = (
				9578C89E24F0F2CB00DF9FF6 /* BasicWrappersTests */,
				9523DC5824F0F13E009FFBE8 /* Info.plist */,
				9578C8A824F0F6C800DF9FF6 /* WrapThatPropertyTests-Bridging-Header.h */,
			);
			path = WrapThatPropertyTests;
			sourceTree = "<group>";
		};
		9578C89D24F0F2BF00DF9FF6 /* BasicWrappers */ = {
			isa = PBXGroup;
			children = (
				957962B424FE48D5006040CD /* Strings */,
				9578C8A924F0FADC00DF9FF6 /* Maths */,
				9578C89F24F0F40200DF9FF6 /* Monitoring */,
			);
			path = BasicWrappers;
			sourceTree = "<group>";
		};
		9578C89E24F0F2CB00DF9FF6 /* BasicWrappersTests */ = {
			isa = PBXGroup;
			children = (
				957962B724FE48F1006040CD /* Strings */,
				9578C8AC24F0FB2900DF9FF6 /* Maths */,
				9578C8A024F0F40900DF9FF6 /* Monitoring */,
			);
			path = BasicWrappersTests;
			sourceTree = "<group>";
		};
		9578C89F24F0F40200DF9FF6 /* Monitoring */ = {
			isa = PBXGroup;
			children = (
				9578C8A124F0F42300DF9FF6 /* MonitoredValue.swift */,
			);
			path = Monitoring;
			sourceTree = "<group>";
		};
		9578C8A024F0F40900DF9FF6 /* Monitoring */ = {
			isa = PBXGroup;
			children = (
				9578C8A624F0F63F00DF9FF6 /* MonitoredValueTests.swift */,
			);
			path = Monitoring;
			sourceTree = "<group>";
		};
		9578C8A924F0FADC00DF9FF6 /* Maths */ = {
			isa = PBXGroup;
			children = (
				9578C8AA24F0FB1E00DF9FF6 /* InRangeValue.swift */,
				950D943624F2BB0D00465AC9 /* CustomRangedValue.swift */,
			);
			path = Maths;
			sourceTree = "<group>";
		};
		9578C8AC24F0FB2900DF9FF6 /* Maths */ = {
			isa = PBXGroup;
			children = (
				9578C8AD24F0FB3A00DF9FF6 /* InRangeValueTests.swift */,
				950D943824F2BC8A00465AC9 /* CustomRangedValueTests.swift */,
			);
			path = Maths;
			sourceTree = "<group>";
		};
		957962B424FE48D5006040CD /* Strings */ = {
			isa = PBXGroup;
			children = (
				957962B524FE48EC006040CD /* NoWhitespaces.swift */,
			);
			path = Strings;
			sourceTree = "<group>";
		};
		957962B724FE48F1006040CD /* Strings */ = {
			isa = PBXGroup;
			children = (
				957962B824FE4904006040CD /* NoWhitespacesTests.swift */,
			);
			path = Strings;
			sourceTree = "<group>";
		};
/* End PBXGroup section */

/* Begin PBXHeadersBuildPhase section */
		9523DC4324F0F13D009FFBE8 /* Headers */ = {
			isa = PBXHeadersBuildPhase;
			buildActionMask = 2147483647;
			files = (
				9523DC5924F0F13E009FFBE8 /* WrapThatProperty.h in Headers */,
			);
			runOnlyForDeploymentPostprocessing = 0;
		};
/* End PBXHeadersBuildPhase section */

/* Begin PBXNativeTarget section */
		9523DC4724F0F13D009FFBE8 /* WrapThatProperty */ = {
			isa = PBXNativeTarget;
			buildConfigurationList = 9523DC5C24F0F13E009FFBE8 /* Build configuration list for PBXNativeTarget "WrapThatProperty" */;
			buildPhases = (
				9523DC4324F0F13D009FFBE8 /* Headers */,
				9523DC4424F0F13D009FFBE8 /* Sources */,
				9523DC4524F0F13D009FFBE8 /* Frameworks */,
				9523DC4624F0F13D009FFBE8 /* Resources */,
			);
			buildRules = (
			);
			dependencies = (
			);
			name = WrapThatProperty;
			productName = WrapThatProperty;
			productReference = 9523DC4824F0F13D009FFBE8 /* WrapThatProperty.framework */;
			productType = "com.apple.product-type.framework";
		};
		9523DC5024F0F13E009FFBE8 /* WrapThatPropertyTests */ = {
			isa = PBXNativeTarget;
			buildConfigurationList = 9523DC5F24F0F13E009FFBE8 /* Build configuration list for PBXNativeTarget "WrapThatPropertyTests" */;
			buildPhases = (
				9523DC4D24F0F13E009FFBE8 /* Sources */,
				9523DC4E24F0F13E009FFBE8 /* Frameworks */,
				9523DC4F24F0F13E009FFBE8 /* Resources */,
			);
			buildRules = (
			);
			dependencies = (
				9523DC5424F0F13E009FFBE8 /* PBXTargetDependency */,
			);
			name = WrapThatPropertyTests;
			productName = WrapThatPropertyTests;
			productReference = 9523DC5124F0F13E009FFBE8 /* WrapThatPropertyTests.xctest */;
			productType = "com.apple.product-type.bundle.unit-test";
		};
/* End PBXNativeTarget section */

/* Begin PBXProject section */
		9523DC3F24F0F13D009FFBE8 /* Project object */ = {
			isa = PBXProject;
			attributes = {
				LastSwiftUpdateCheck = 1200;
				LastUpgradeCheck = 1200;
				TargetAttributes = {
					9523DC4724F0F13D009FFBE8 = {
						CreatedOnToolsVersion = 12.0;
						LastSwiftMigration = 1200;
					};
					9523DC5024F0F13E009FFBE8 = {
						CreatedOnToolsVersion = 12.0;
						LastSwiftMigration = 1200;
					};
				};
			};
			buildConfigurationList = 9523DC4224F0F13D009FFBE8 /* Build configuration list for PBXProject "WrapThatProperty" */;
			compatibilityVersion = "Xcode 9.3";
			developmentRegion = en;
			hasScannedForEncodings = 0;
			knownRegions = (
				en,
				Base,
			);
			mainGroup = 9523DC3E24F0F13D009FFBE8;
			productRefGroup = 9523DC4924F0F13D009FFBE8 /* Products */;
			projectDirPath = "";
			projectRoot = "";
			targets = (
				9523DC4724F0F13D009FFBE8 /* WrapThatProperty */,
				9523DC5024F0F13E009FFBE8 /* WrapThatPropertyTests */,
			);
		};
/* End PBXProject section */

/* Begin PBXResourcesBuildPhase section */
		9523DC4624F0F13D009FFBE8 /* Resources */ = {
			isa = PBXResourcesBuildPhase;
			buildActionMask = 2147483647;
			files = (
			);
			runOnlyForDeploymentPostprocessing = 0;
		};
		9523DC4F24F0F13E009FFBE8 /* Resources */ = {
			isa = PBXResourcesBuildPhase;
			buildActionMask = 2147483647;
			files = (
			);
			runOnlyForDeploymentPostprocessing = 0;
		};
/* End PBXResourcesBuildPhase section */

/* Begin PBXSourcesBuildPhase section */
		9523DC4424F0F13D009FFBE8 /* Sources */ = {
			isa = PBXSourcesBuildPhase;
			buildActionMask = 2147483647;
			files = (
				9578C8AB24F0FB1E00DF9FF6 /* InRangeValue.swift in Sources */,
				950D943724F2BB0D00465AC9 /* CustomRangedValue.swift in Sources */,
				9578C8A224F0F42300DF9FF6 /* MonitoredValue.swift in Sources */,
				957962B624FE48EC006040CD /* NoWhitespaces.swift in Sources */,
			);
			runOnlyForDeploymentPostprocessing = 0;
		};
		9523DC4D24F0F13E009FFBE8 /* Sources */ = {
			isa = PBXSourcesBuildPhase;
			buildActionMask = 2147483647;
			files = (
				9578C8AE24F0FB3A00DF9FF6 /* InRangeValueTests.swift in Sources */,
				950D943924F2BC8A00465AC9 /* CustomRangedValueTests.swift in Sources */,
				9578C8A724F0F63F00DF9FF6 /* MonitoredValueTests.swift in Sources */,
				957962B924FE4904006040CD /* NoWhitespacesTests.swift in Sources */,
			);
			runOnlyForDeploymentPostprocessing = 0;
		};
/* End PBXSourcesBuildPhase section */

/* Begin PBXTargetDependency section */
		9523DC5424F0F13E009FFBE8 /* PBXTargetDependency */ = {
			isa = PBXTargetDependency;
			target = 9523DC4724F0F13D009FFBE8 /* WrapThatProperty */;
			targetProxy = 9523DC5324F0F13E009FFBE8 /* PBXContainerItemProxy */;
		};
/* End PBXTargetDependency section */

/* Begin XCBuildConfiguration section */
		9523DC5A24F0F13E009FFBE8 /* Debug */ = {
			isa = XCBuildConfiguration;
			buildSettings = {
				ALWAYS_SEARCH_USER_PATHS = NO;
				CLANG_ANALYZER_NONNULL = YES;
				CLANG_ANALYZER_NUMBER_OBJECT_CONVERSION = YES_AGGRESSIVE;
				CLANG_CXX_LANGUAGE_STANDARD = "gnu++14";
				CLANG_CXX_LIBRARY = "libc++";
				CLANG_ENABLE_MODULES = YES;
				CLANG_ENABLE_OBJC_ARC = YES;
				CLANG_ENABLE_OBJC_WEAK = YES;
				CLANG_WARN_BLOCK_CAPTURE_AUTORELEASING = YES;
				CLANG_WARN_BOOL_CONVERSION = YES;
				CLANG_WARN_COMMA = YES;
				CLANG_WARN_CONSTANT_CONVERSION = YES;
				CLANG_WARN_DEPRECATED_OBJC_IMPLEMENTATIONS = YES;
				CLANG_WARN_DIRECT_OBJC_ISA_USAGE = YES_ERROR;
				CLANG_WARN_DOCUMENTATION_COMMENTS = YES;
				CLANG_WARN_EMPTY_BODY = YES;
				CLANG_WARN_ENUM_CONVERSION = YES;
				CLANG_WARN_INFINITE_RECURSION = YES;
				CLANG_WARN_INT_CONVERSION = YES;
				CLANG_WARN_NON_LITERAL_NULL_CONVERSION = YES;
				CLANG_WARN_OBJC_IMPLICIT_RETAIN_SELF = YES;
				CLANG_WARN_OBJC_LITERAL_CONVERSION = YES;
				CLANG_WARN_OBJC_ROOT_CLASS = YES_ERROR;
				CLANG_WARN_QUOTED_INCLUDE_IN_FRAMEWORK_HEADER = YES;
				CLANG_WARN_RANGE_LOOP_ANALYSIS = YES;
				CLANG_WARN_STRICT_PROTOTYPES = YES;
				CLANG_WARN_SUSPICIOUS_MOVE = YES;
				CLANG_WARN_UNGUARDED_AVAILABILITY = YES_AGGRESSIVE;
				CLANG_WARN_UNREACHABLE_CODE = YES;
				CLANG_WARN__DUPLICATE_METHOD_MATCH = YES;
				COPY_PHASE_STRIP = NO;
				CURRENT_PROJECT_VERSION = 1;
				DEBUG_INFORMATION_FORMAT = dwarf;
				ENABLE_STRICT_OBJC_MSGSEND = YES;
				ENABLE_TESTABILITY = YES;
				GCC_C_LANGUAGE_STANDARD = gnu11;
				GCC_DYNAMIC_NO_PIC = NO;
				GCC_NO_COMMON_BLOCKS = YES;
				GCC_OPTIMIZATION_LEVEL = 0;
				GCC_PREPROCESSOR_DEFINITIONS = (
					"DEBUG=1",
					"$(inherited)",
				);
				GCC_WARN_64_TO_32_BIT_CONVERSION = YES;
				GCC_WARN_ABOUT_RETURN_TYPE = YES_ERROR;
				GCC_WARN_UNDECLARED_SELECTOR = YES;
				GCC_WARN_UNINITIALIZED_AUTOS = YES_AGGRESSIVE;
				GCC_WARN_UNUSED_FUNCTION = YES;
				GCC_WARN_UNUSED_VARIABLE = YES;
				IPHONEOS_DEPLOYMENT_TARGET = 14.0;
				MTL_ENABLE_DEBUG_INFO = INCLUDE_SOURCE;
				MTL_FAST_MATH = YES;
				ONLY_ACTIVE_ARCH = YES;
				SDKROOT = iphoneos;
				SWIFT_ACTIVE_COMPILATION_CONDITIONS = DEBUG;
				SWIFT_OPTIMIZATION_LEVEL = "-Onone";
				VERSIONING_SYSTEM = "apple-generic";
				VERSION_INFO_PREFIX = "";
			};
			name = Debug;
		};
		9523DC5B24F0F13E009FFBE8 /* Release */ = {
			isa = XCBuildConfiguration;
			buildSettings = {
				ALWAYS_SEARCH_USER_PATHS = NO;
				CLANG_ANALYZER_NONNULL = YES;
				CLANG_ANALYZER_NUMBER_OBJECT_CONVERSION = YES_AGGRESSIVE;
				CLANG_CXX_LANGUAGE_STANDARD = "gnu++14";
				CLANG_CXX_LIBRARY = "libc++";
				CLANG_ENABLE_MODULES = YES;
				CLANG_ENABLE_OBJC_ARC = YES;
				CLANG_ENABLE_OBJC_WEAK = YES;
				CLANG_WARN_BLOCK_CAPTURE_AUTORELEASING = YES;
				CLANG_WARN_BOOL_CONVERSION = YES;
				CLANG_WARN_COMMA = YES;
				CLANG_WARN_CONSTANT_CONVERSION = YES;
				CLANG_WARN_DEPRECATED_OBJC_IMPLEMENTATIONS = YES;
				CLANG_WARN_DIRECT_OBJC_ISA_USAGE = YES_ERROR;
				CLANG_WARN_DOCUMENTATION_COMMENTS = YES;
				CLANG_WARN_EMPTY_BODY = YES;
				CLANG_WARN_ENUM_CONVERSION = YES;
				CLANG_WARN_INFINITE_RECURSION = YES;
				CLANG_WARN_INT_CONVERSION = YES;
				CLANG_WARN_NON_LITERAL_NULL_CONVERSION = YES;
				CLANG_WARN_OBJC_IMPLICIT_RETAIN_SELF = YES;
				CLANG_WARN_OBJC_LITERAL_CONVERSION = YES;
				CLANG_WARN_OBJC_ROOT_CLASS = YES_ERROR;
				CLANG_WARN_QUOTED_INCLUDE_IN_FRAMEWORK_HEADER = YES;
				CLANG_WARN_RANGE_LOOP_ANALYSIS = YES;
				CLANG_WARN_STRICT_PROTOTYPES = YES;
				CLANG_WARN_SUSPICIOUS_MOVE = YES;
				CLANG_WARN_UNGUARDED_AVAILABILITY = YES_AGGRESSIVE;
				CLANG_WARN_UNREACHABLE_CODE = YES;
				CLANG_WARN__DUPLICATE_METHOD_MATCH = YES;
				COPY_PHASE_STRIP = NO;
				CURRENT_PROJECT_VERSION = 1;
				DEBUG_INFORMATION_FORMAT = "dwarf-with-dsym";
				ENABLE_NS_ASSERTIONS = NO;
				ENABLE_STRICT_OBJC_MSGSEND = YES;
				GCC_C_LANGUAGE_STANDARD = gnu11;
				GCC_NO_COMMON_BLOCKS = YES;
				GCC_WARN_64_TO_32_BIT_CONVERSION = YES;
				GCC_WARN_ABOUT_RETURN_TYPE = YES_ERROR;
				GCC_WARN_UNDECLARED_SELECTOR = YES;
				GCC_WARN_UNINITIALIZED_AUTOS = YES_AGGRESSIVE;
				GCC_WARN_UNUSED_FUNCTION = YES;
				GCC_WARN_UNUSED_VARIABLE = YES;
				IPHONEOS_DEPLOYMENT_TARGET = 14.0;
				MTL_ENABLE_DEBUG_INFO = NO;
				MTL_FAST_MATH = YES;
				SDKROOT = iphoneos;
				SWIFT_COMPILATION_MODE = wholemodule;
				SWIFT_OPTIMIZATION_LEVEL = "-O";
				VALIDATE_PRODUCT = YES;
				VERSIONING_SYSTEM = "apple-generic";
				VERSION_INFO_PREFIX = "";
			};
			name = Release;
		};
		9523DC5D24F0F13E009FFBE8 /* Debug */ = {
			isa = XCBuildConfiguration;
			buildSettings = {
				CLANG_ENABLE_MODULES = YES;
				CODE_SIGN_STYLE = Automatic;
				DEFINES_MODULE = YES;
				DEVELOPMENT_TEAM = VXHRYWGEB4;
				DYLIB_COMPATIBILITY_VERSION = 1;
				DYLIB_CURRENT_VERSION = 1;
				DYLIB_INSTALL_NAME_BASE = "@rpath";
				INFOPLIST_FILE = WrapThatProperty/Info.plist;
				INSTALL_PATH = "$(LOCAL_LIBRARY_DIR)/Frameworks";
				IPHONEOS_DEPLOYMENT_TARGET = 12.0;
				LD_RUNPATH_SEARCH_PATHS = (
					"$(inherited)",
					"@executable_path/Frameworks",
					"@loader_path/Frameworks",
				);
				PRODUCT_BUNDLE_IDENTIFIER = com.prakhar.WrapThatProperty;
				PRODUCT_NAME = "$(TARGET_NAME:c99extidentifier)";
				SKIP_INSTALL = YES;
				SWIFT_OPTIMIZATION_LEVEL = "-Onone";
				SWIFT_VERSION = 5.0;
				TARGETED_DEVICE_FAMILY = "1,2";
			};
			name = Debug;
		};
		9523DC5E24F0F13E009FFBE8 /* Release */ = {
			isa = XCBuildConfiguration;
			buildSettings = {
				CLANG_ENABLE_MODULES = YES;
				CODE_SIGN_STYLE = Automatic;
				DEFINES_MODULE = YES;
				DEVELOPMENT_TEAM = VXHRYWGEB4;
				DYLIB_COMPATIBILITY_VERSION = 1;
				DYLIB_CURRENT_VERSION = 1;
				DYLIB_INSTALL_NAME_BASE = "@rpath";
				INFOPLIST_FILE = WrapThatProperty/Info.plist;
				INSTALL_PATH = "$(LOCAL_LIBRARY_DIR)/Frameworks";
				IPHONEOS_DEPLOYMENT_TARGET = 12.0;
				LD_RUNPATH_SEARCH_PATHS = (
					"$(inherited)",
					"@executable_path/Frameworks",
					"@loader_path/Frameworks",
				);
				PRODUCT_BUNDLE_IDENTIFIER = com.prakhar.WrapThatProperty;
				PRODUCT_NAME = "$(TARGET_NAME:c99extidentifier)";
				SKIP_INSTALL = YES;
				SWIFT_VERSION = 5.0;
				TARGETED_DEVICE_FAMILY = "1,2";
			};
			name = Release;
		};
		9523DC6024F0F13E009FFBE8 /* Debug */ = {
			isa = XCBuildConfiguration;
			buildSettings = {
				ALWAYS_EMBED_SWIFT_STANDARD_LIBRARIES = YES;
				CLANG_ENABLE_MODULES = YES;
				CODE_SIGN_STYLE = Automatic;
				DEVELOPMENT_TEAM = VXHRYWGEB4;
				INFOPLIST_FILE = WrapThatPropertyTests/Info.plist;
				LD_RUNPATH_SEARCH_PATHS = (
					"$(inherited)",
					"@executable_path/Frameworks",
					"@loader_path/Frameworks",
				);
				PRODUCT_BUNDLE_IDENTIFIER = com.prakhar.WrapThatPropertyTests;
				PRODUCT_NAME = "$(TARGET_NAME)";
				SWIFT_OBJC_BRIDGING_HEADER = "WrapThatPropertyTests/WrapThatPropertyTests-Bridging-Header.h";
				SWIFT_OPTIMIZATION_LEVEL = "-Onone";
				SWIFT_VERSION = 5.0;
				TARGETED_DEVICE_FAMILY = "1,2";
			};
			name = Debug;
		};
		9523DC6124F0F13E009FFBE8 /* Release */ = {
			isa = XCBuildConfiguration;
			buildSettings = {
				ALWAYS_EMBED_SWIFT_STANDARD_LIBRARIES = YES;
				CLANG_ENABLE_MODULES = YES;
				CODE_SIGN_STYLE = Automatic;
				DEVELOPMENT_TEAM = VXHRYWGEB4;
				INFOPLIST_FILE = WrapThatPropertyTests/Info.plist;
				LD_RUNPATH_SEARCH_PATHS = (
					"$(inherited)",
					"@executable_path/Frameworks",
					"@loader_path/Frameworks",
				);
				PRODUCT_BUNDLE_IDENTIFIER = com.prakhar.WrapThatPropertyTests;
				PRODUCT_NAME = "$(TARGET_NAME)";
				SWIFT_OBJC_BRIDGING_HEADER = "WrapThatPropertyTests/WrapThatPropertyTests-Bridging-Header.h";
				SWIFT_VERSION = 5.0;
				TARGETED_DEVICE_FAMILY = "1,2";
			};
			name = Release;
		};
/* End XCBuildConfiguration section */

/* Begin XCConfigurationList section */
		9523DC4224F0F13D009FFBE8 /* Build configuration list for PBXProject "WrapThatProperty" */ = {
			isa = XCConfigurationList;
			buildConfigurations = (
				9523DC5A24F0F13E009FFBE8 /* Debug */,
				9523DC5B24F0F13E009FFBE8 /* Release */,
			);
			defaultConfigurationIsVisible = 0;
			defaultConfigurationName = Release;
		};
		9523DC5C24F0F13E009FFBE8 /* Build configuration list for PBXNativeTarget "WrapThatProperty" */ = {
			isa = XCConfigurationList;
			buildConfigurations = (
				9523DC5D24F0F13E009FFBE8 /* Debug */,
				9523DC5E24F0F13E009FFBE8 /* Release */,
			);
			defaultConfigurationIsVisible = 0;
			defaultConfigurationName = Release;
		};
		9523DC5F24F0F13E009FFBE8 /* Build configuration list for PBXNativeTarget "WrapThatPropertyTests" */ = {
			isa = XCConfigurationList;
			buildConfigurations = (
				9523DC6024F0F13E009FFBE8 /* Debug */,
				9523DC6124F0F13E009FFBE8 /* Release */,
			);
			defaultConfigurationIsVisible = 0;
			defaultConfigurationName = Release;
		};
/* End XCConfigurationList section */
	};
	rootObject = 9523DC3F24F0F13D009FFBE8 /* Project object */;
}
